
Microsoft Visual Studio Solution File, Format Version 12.00
# Visual Studio 2013
VisualStudioVersion = 12.0.30324.0
MinimumVisualStudioVersion = 10.0.40219.1
Project("{FAE04EC0-301F-11D3-BF4B-00C04F79EFBC}") = "ImageInfoTool.App", "ImageInfoTool.App\ImageInfoTool.App.csproj", "{16E3B5FA-9148-4D80-8923-ECFF4AC3518E}"
EndProject
Global
	GlobalSection(SolutionConfigurationPlatforms) = preSolution
		Debug|Any CPU = Debug|Any CPU
		Debug|ARM = Debug|ARM
		Debug|x86 = Debug|x86
		Release|Any CPU = Release|Any CPU
		Release|ARM = Release|ARM
		Release|x86 = Release|x86
	EndGlobalSection
	GlobalSection(ProjectConfigurationPlatforms) = postSolution
		{16E3B5FA-9148-4D80-8923-ECFF4AC3518E}.Debug|Any CPU.ActiveCfg = Debug|Any CPU
		{16E3B5FA-9148-4D80-8923-ECFF4AC3518E}.Debug|Any CPU.Build.0 = Debug|Any CPU
		{16E3B5FA-9148-4D80-8923-ECFF4AC3518E}.Debug|Any CPU.Deploy.0 = Debug|Any CPU
		{16E3B5FA-9148-4D80-8923-ECFF4AC3518E}.Debug|ARM.ActiveCfg = Debug|ARM
		{16E3B5FA-9148-4D80-8923-ECFF4AC3518E}.Debug|ARM.Build.0 = Debug|ARM
		{16E3B5FA-9148-4D80-8923-ECFF4AC3518E}.Debug|ARM.Deploy.0 = Debug|ARM
		{16E3B5FA-9148-4D80-8923-ECFF4AC3518E}.Debug|x86.ActiveCfg = Debug|x86
		{16E3B5FA-9148-4D80-8923-ECFF4AC3518E}.Debug|x86.Build.0 = Debug|x86
		{16E3B5FA-9148-4D80-8923-ECFF4AC3518E}.Debug|x86.Deploy.0 = Debug|x86
		{16E3B5FA-9148-4D80-8923-ECFF4AC3518E}.Release|Any CPU.ActiveCfg = Release|Any CPU
		{16E3B5FA-9148-4D80-8923-ECFF4AC3518E}.Release|Any CPU.Build.0 = Release|Any CPU
		{16E3B5FA-9148-4D80-8923-ECFF4AC3518E}.Release|Any CPU.Deploy.0 = Release|Any CPU
		{16E3B5FA-9148-4D80-8923-ECFF4AC3518E}.Release|ARM.ActiveCfg = Release|ARM
		{16E3B5FA-9148-4D80-8923-ECFF4AC3518E}.Release|ARM.Build.0 = Release|ARM
		{16E3B5FA-9148-4D80-8923-ECFF4AC3518E}.Release|ARM.Deploy.0 = Release|ARM
		{16E3B5FA-9148-4D80-8923-ECFF4AC3518E}.Release|x86.ActiveCfg = Release|x86
		{16E3B5FA-9148-4D80-8923-ECFF4AC3518E}.Release|x86.Build.0 = Release|x86
		{16E3B5FA-9148-4D80-8923-ECFF4AC3518E}.Release|x86.Deploy.0 = Release|x86
	EndGlobalSection
	GlobalSection(SolutionProperties) = preSolution
		HideSolutionNode = FALSE
	EndGlobalSection
EndGlobal
